{
  "requires": true,
  "lockfileVersion": 1,
  "dependencies": {
    "highlight.js": {
      "version": "10.7.1",
      "resolved": "https://registry.npmjs.org/highlight.js/-/highlight.js-10.7.1.tgz",
      "integrity": "sha512-S6G97tHGqJ/U8DsXcEdnACbirtbx58Bx9CzIVeYli8OuswCfYI/LsXH2EiGcoGio1KAC3x4mmUwulOllJ2ZyRA=="
    }
  }
}
