{
  "requires": true,
  "lockfileVersion": 1,
  "dependencies": {
    "highlight.js": {
      "version": "11.3.1",
      "resolved": "https://registry.npmjs.org/highlight.js/-/highlight.js-11.3.1.tgz",
      "integrity": "sha512-PUhCRnPjLtiLHZAQ5A/Dt5F8cWZeMyj9KRsACsWT+OD6OP0x6dp5OmT5jdx0JgEyPxPZZIPQpRN2TciUT7occw=="
    }
  }
}
