{
  "requires": true,
  "lockfileVersion": 1,
  "dependencies": {
    "highlight.js": {
      "version": "10.2.0",
      "resolved": "https://registry.npmjs.org/highlight.js/-/highlight.js-10.2.0.tgz",
      "integrity": "sha512-OryzPiqqNCfO/wtFo619W+nPYALM6u7iCQkum4bqRmmlcTikOkmlL06i009QelynBPAlNByTQU6cBB2cOBQtCw=="
    }
  }
}
