{
  "requires": true,
  "lockfileVersion": 1,
  "dependencies": {
    "highlight.js": {
      "version": "10.2.1",
      "resolved": "https://registry.npmjs.org/highlight.js/-/highlight.js-10.2.1.tgz",
      "integrity": "sha512-A+sckVPIb9zQTUydC9lpRX1qRFO/N0OKEh0NwIr65ckvWA/oMY8v9P3+kGRK3w2ULSh9E8v5MszXafodQ6039g=="
    }
  }
}
