{
  "requires": true,
  "lockfileVersion": 1,
  "dependencies": {
    "highlight.js": {
      "version": "10.3.1",
      "resolved": "https://registry.npmjs.org/highlight.js/-/highlight.js-10.3.1.tgz",
      "integrity": "sha512-jeW8rdPdhshYKObedYg5XGbpVgb1/DT4AHvDFXhkU7UnGSIjy9kkJ7zHG7qplhFHMitTSzh5/iClKQk3Kb2RFQ=="
    }
  }
}
