{
  "requires": true,
  "lockfileVersion": 1,
  "dependencies": {
    "highlight.js": {
      "version": "10.3.2",
      "resolved": "https://registry.npmjs.org/highlight.js/-/highlight.js-10.3.2.tgz",
      "integrity": "sha512-3jRT7OUYsVsKvukNKZCtnvRcFyCJqSEIuIMsEybAXRiFSwpt65qjPd/Pr+UOdYt7WJlt+lj3+ypUsHiySBp/Jw=="
    }
  }
}
